// !$*UTF8*$!
{
	archiveVersion = 1;
	classes = {
	};
	objectVersion = 50;
	objects = {

/* Begin PBXBuildFile section */
		293CBCBE22346A4900FDB81D /* AppDelegate.swift in Sources */ = {isa = PBXBuildFile; fileRef = 293CBCBD22346A4900FDB81D /* AppDelegate.swift */; };
		293CBCC022346A4900FDB81D /* ViewController.swift in Sources */ = {isa = PBXBuildFile; fileRef = 293CBCBF22346A4900FDB81D /* ViewController.swift */; };
		293CBCC322346A4900FDB81D /* Main.storyboard in Resources */ = {isa = PBXBuildFile; fileRef = 293CBCC122346A4900FDB81D /* Main.storyboard */; };
		293CBCC522346A4A00FDB81D /* Assets.xcassets in Resources */ = {isa = PBXBuildFile; fileRef = 293CBCC422346A4A00FDB81D /* Assets.xcassets */; };
		293CBCC822346A4A00FDB81D /* LaunchScreen.storyboard in Resources */ = {isa = PBXBuildFile; fileRef = 293CBCC622346A4A00FDB81D /* LaunchScreen.storyboard */; };
		293CBCD322346A4A00FDB81D /* NaujienosTests.swift in Sources */ = {isa = PBXBuildFile; fileRef = 293CBCD222346A4A00FDB81D /* NaujienosTests.swift */; };
		294E4C3D2236E810000FA89A /* DefaultSettings.plist in Resources */ = {isa = PBXBuildFile; fileRef = 294E4C3C2236E810000FA89A /* DefaultSettings.plist */; };
		294E4C452236FCAF000FA89A /* Settings.swift in Sources */ = {isa = PBXBuildFile; fileRef = 294E4C442236FCAF000FA89A /* Settings.swift */; };
		294E4C472236FCC4000FA89A /* SettingsTests.swift in Sources */ = {isa = PBXBuildFile; fileRef = 294E4C462236FCC4000FA89A /* SettingsTests.swift */; };
		294E4C4B223701FF000FA89A /* Constants.swift in Sources */ = {isa = PBXBuildFile; fileRef = 294E4C4A223701FF000FA89A /* Constants.swift */; };
		294E4C4D2237FF1A000FA89A /* Article.swift in Sources */ = {isa = PBXBuildFile; fileRef = 294E4C4C2237FF1A000FA89A /* Article.swift */; };
/* End PBXBuildFile section */

/* Begin PBXContainerItemProxy section */
		293CBCCF22346A4A00FDB81D /* PBXContainerItemProxy */ = {
			isa = PBXContainerItemProxy;
			containerPortal = 293CBCB222346A4900FDB81D /* Project object */;
			proxyType = 1;
			remoteGlobalIDString = 293CBCB922346A4900FDB81D;
			remoteInfo = Naujienos;
		};
/* End PBXContainerItemProxy section */

/* Begin PBXFileReference section */
		293CBCBA22346A4900FDB81D /* Naujienos.app */ = {isa = PBXFileReference; explicitFileType = wrapper.application; includeInIndex = 0; path = Naujienos.app; sourceTree = BUILT_PRODUCTS_DIR; };
		293CBCBD22346A4900FDB81D /* AppDelegate.swift */ = {isa = PBXFileReference; lastKnownFileType = sourcecode.swift; path = AppDelegate.swift; sourceTree = "<group>"; };
		293CBCBF22346A4900FDB81D /* ViewController.swift */ = {isa = PBXFileReference; lastKnownFileType = sourcecode.swift; path = ViewController.swift; sourceTree = "<group>"; };
		293CBCC222346A4900FDB81D /* Base */ = {isa = PBXFileReference; lastKnownFileType = file.storyboard; name = Base; path = Base.lproj/Main.storyboard; sourceTree = "<group>"; };
		293CBCC422346A4A00FDB81D /* Assets.xcassets */ = {isa = PBXFileReference; lastKnownFileType = folder.assetcatalog; path = Assets.xcassets; sourceTree = "<group>"; };
		293CBCC722346A4A00FDB81D /* Base */ = {isa = PBXFileReference; lastKnownFileType = file.storyboard; name = Base; path = Base.lproj/LaunchScreen.storyboard; sourceTree = "<group>"; };
		293CBCC922346A4A00FDB81D /* Info.plist */ = {isa = PBXFileReference; lastKnownFileType = text.plist.xml; path = Info.plist; sourceTree = "<group>"; };
		293CBCCE22346A4A00FDB81D /* NaujienosTests.xctest */ = {isa = PBXFileReference; explicitFileType = wrapper.cfbundle; includeInIndex = 0; path = NaujienosTests.xctest; sourceTree = BUILT_PRODUCTS_DIR; };
		293CBCD222346A4A00FDB81D /* NaujienosTests.swift */ = {isa = PBXFileReference; lastKnownFileType = sourcecode.swift; path = NaujienosTests.swift; sourceTree = "<group>"; };
		293CBCD422346A4A00FDB81D /* Info.plist */ = {isa = PBXFileReference; lastKnownFileType = text.plist.xml; path = Info.plist; sourceTree = "<group>"; };
		294E4C3C2236E810000FA89A /* DefaultSettings.plist */ = {isa = PBXFileReference; lastKnownFileType = file.bplist; path = DefaultSettings.plist; sourceTree = "<group>"; };
		294E4C442236FCAF000FA89A /* Settings.swift */ = {isa = PBXFileReference; lastKnownFileType = sourcecode.swift; path = Settings.swift; sourceTree = "<group>"; };
		294E4C462236FCC4000FA89A /* SettingsTests.swift */ = {isa = PBXFileReference; lastKnownFileType = sourcecode.swift; path = SettingsTests.swift; sourceTree = "<group>"; };
		294E4C4A223701FF000FA89A /* Constants.swift */ = {isa = PBXFileReference; lastKnownFileType = sourcecode.swift; path = Constants.swift; sourceTree = "<group>"; };
		294E4C4C2237FF1A000FA89A /* Article.swift */ = {isa = PBXFileReference; lastKnownFileType = sourcecode.swift; path = Article.swift; sourceTree = "<group>"; };
/* End PBXFileReference section */

/* Begin PBXFrameworksBuildPhase section */
		293CBCB722346A4900FDB81D /* Frameworks */ = {
			isa = PBXFrameworksBuildPhase;
			buildActionMask = 2147483647;
			files = (
			);
			runOnlyForDeploymentPostprocessing = 0;
		};
		293CBCCB22346A4A00FDB81D /* Frameworks */ = {
			isa = PBXFrameworksBuildPhase;
			buildActionMask = 2147483647;
			files = (
			);
			runOnlyForDeploymentPostprocessing = 0;
		};
/* End PBXFrameworksBuildPhase section */

/* Begin PBXGroup section */
		293CBCB122346A4900FDB81D = {
			isa = PBXGroup;
			children = (
				293CBCBC22346A4900FDB81D /* Naujienos */,
				293CBCD122346A4A00FDB81D /* NaujienosTests */,
				293CBCBB22346A4900FDB81D /* Products */,
			);
			sourceTree = "<group>";
		};
		293CBCBB22346A4900FDB81D /* Products */ = {
			isa = PBXGroup;
			children = (
				293CBCBA22346A4900FDB81D /* Naujienos.app */,
				293CBCCE22346A4A00FDB81D /* NaujienosTests.xctest */,
			);
			name = Products;
			sourceTree = "<group>";
		};
		293CBCBC22346A4900FDB81D /* Naujienos */ = {
			isa = PBXGroup;
			children = (
				294E4C3F2236E8AD000FA89A /* Controller */,
				294E4C412236E8CF000FA89A /* Model */,
				294E4C402236E8C1000FA89A /* View */,
				294E4C3E2236E832000FA89A /* Supporting Files */,
				293CBCBD22346A4900FDB81D /* AppDelegate.swift */,
				293CBCC422346A4A00FDB81D /* Assets.xcassets */,
				293CBCC922346A4A00FDB81D /* Info.plist */,
				293CBCC622346A4A00FDB81D /* LaunchScreen.storyboard */,
				293CBCC122346A4900FDB81D /* Main.storyboard */,
			);
			path = Naujienos;
			sourceTree = "<group>";
		};
		293CBCD122346A4A00FDB81D /* NaujienosTests */ = {
			isa = PBXGroup;
			children = (
				293CBCD422346A4A00FDB81D /* Info.plist */,
				293CBCD222346A4A00FDB81D /* NaujienosTests.swift */,
				294E4C462236FCC4000FA89A /* SettingsTests.swift */,
			);
			path = NaujienosTests;
			sourceTree = "<group>";
		};
		294E4C3E2236E832000FA89A /* Supporting Files */ = {
			isa = PBXGroup;
			children = (
				294E4C4A223701FF000FA89A /* Constants.swift */,
				294E4C3C2236E810000FA89A /* DefaultSettings.plist */,
			);
			path = "Supporting Files";
			sourceTree = "<group>";
		};
		294E4C3F2236E8AD000FA89A /* Controller */ = {
			isa = PBXGroup;
			children = (
				293CBCBF22346A4900FDB81D /* ViewController.swift */,
			);
			path = Controller;
			sourceTree = "<group>";
		};
		294E4C402236E8C1000FA89A /* View */ = {
			isa = PBXGroup;
			children = (
			);
			path = View;
			sourceTree = "<group>";
		};
		294E4C412236E8CF000FA89A /* Model */ = {
			isa = PBXGroup;
			children = (
				294E4C442236FCAF000FA89A /* Settings.swift */,
				294E4C4C2237FF1A000FA89A /* Article.swift */,
			);
			path = Model;
			sourceTree = "<group>";
		};
/* End PBXGroup section */

/* Begin PBXNativeTarget section */
		293CBCB922346A4900FDB81D /* Naujienos */ = {
			isa = PBXNativeTarget;
			buildConfigurationList = 293CBCD722346A4A00FDB81D /* Build configuration list for PBXNativeTarget "Naujienos" */;
			buildPhases = (
				293CBCB622346A4900FDB81D /* Sources */,
				293CBCB722346A4900FDB81D /* Frameworks */,
				293CBCB822346A4900FDB81D /* Resources */,
			);
			buildRules = (
			);
			dependencies = (
			);
			name = Naujienos;
			productName = Naujienos;
			productReference = 293CBCBA22346A4900FDB81D /* Naujienos.app */;
			productType = "com.apple.product-type.application";
		};
		293CBCCD22346A4A00FDB81D /* NaujienosTests */ = {
			isa = PBXNativeTarget;
			buildConfigurationList = 293CBCDA22346A4A00FDB81D /* Build configuration list for PBXNativeTarget "NaujienosTests" */;
			buildPhases = (
				293CBCCA22346A4A00FDB81D /* Sources */,
				293CBCCB22346A4A00FDB81D /* Frameworks */,
				293CBCCC22346A4A00FDB81D /* Resources */,
			);
			buildRules = (
			);
			dependencies = (
				293CBCD022346A4A00FDB81D /* PBXTargetDependency */,
			);
			name = NaujienosTests;
			productName = NaujienosTests;
			productReference = 293CBCCE22346A4A00FDB81D /* NaujienosTests.xctest */;
			productType = "com.apple.product-type.bundle.unit-test";
		};
/* End PBXNativeTarget section */

/* Begin PBXProject section */
		293CBCB222346A4900FDB81D /* Project object */ = {
			isa = PBXProject;
			attributes = {
				LastSwiftUpdateCheck = 1010;
				LastUpgradeCheck = 1010;
				ORGANIZATIONNAME = Marius;
				TargetAttributes = {
					293CBCB922346A4900FDB81D = {
						CreatedOnToolsVersion = 10.1;
					};
					293CBCCD22346A4A00FDB81D = {
						CreatedOnToolsVersion = 10.1;
						TestTargetID = 293CBCB922346A4900FDB81D;
					};
				};
			};
			buildConfigurationList = 293CBCB522346A4900FDB81D /* Build configuration list for PBXProject "Naujienos" */;
			compatibilityVersion = "Xcode 9.3";
			developmentRegion = en;
			hasScannedForEncodings = 0;
			knownRegions = (
				en,
				Base,
			);
			mainGroup = 293CBCB122346A4900FDB81D;
			productRefGroup = 293CBCBB22346A4900FDB81D /* Products */;
			projectDirPath = "";
			projectRoot = "";
			targets = (
				293CBCB922346A4900FDB81D /* Naujienos */,
				293CBCCD22346A4A00FDB81D /* NaujienosTests */,
			);
		};
/* End PBXProject section */

/* Begin PBXResourcesBuildPhase section */
		293CBCB822346A4900FDB81D /* Resources */ = {
			isa = PBXResourcesBuildPhase;
			buildActionMask = 2147483647;
			files = (
				293CBCC822346A4A00FDB81D /* LaunchScreen.storyboard in Resources */,
				294E4C3D2236E810000FA89A /* DefaultSettings.plist in Resources */,
				293CBCC522346A4A00FDB81D /* Assets.xcassets in Resources */,
				293CBCC322346A4900FDB81D /* Main.storyboard in Resources */,
			);
			runOnlyForDeploymentPostprocessing = 0;
		};
		293CBCCC22346A4A00FDB81D /* Resources */ = {
			isa = PBXResourcesBuildPhase;
			buildActionMask = 2147483647;
			files = (
			);
			runOnlyForDeploymentPostprocessing = 0;
		};
/* End PBXResourcesBuildPhase section */

/* Begin PBXSourcesBuildPhase section */
		293CBCB622346A4900FDB81D /* Sources */ = {
			isa = PBXSourcesBuildPhase;
			buildActionMask = 2147483647;
			files = (
				294E4C452236FCAF000FA89A /* Settings.swift in Sources */,
				293CBCC022346A4900FDB81D /* ViewController.swift in Sources */,
				293CBCBE22346A4900FDB81D /* AppDelegate.swift in Sources */,
				294E4C4B223701FF000FA89A /* Constants.swift in Sources */,
				294E4C4D2237FF1A000FA89A /* Article.swift in Sources */,
			);
			runOnlyForDeploymentPostprocessing = 0;
		};
		293CBCCA22346A4A00FDB81D /* Sources */ = {
			isa = PBXSourcesBuildPhase;
			buildActionMask = 2147483647;
			files = (
				294E4C472236FCC4000FA89A /* SettingsTests.swift in Sources */,
				293CBCD322346A4A00FDB81D /* NaujienosTests.swift in Sources */,
			);
			runOnlyForDeploymentPostprocessing = 0;
		};
/* End PBXSourcesBuildPhase section */

/* Begin PBXTargetDependency section */
		293CBCD022346A4A00FDB81D /* PBXTargetDependency */ = {
			isa = PBXTargetDependency;
			target = 293CBCB922346A4900FDB81D /* Naujienos */;
			targetProxy = 293CBCCF22346A4A00FDB81D /* PBXContainerItemProxy */;
		};
/* End PBXTargetDependency section */

/* Begin PBXVariantGroup section */
		293CBCC122346A4900FDB81D /* Main.storyboard */ = {
			isa = PBXVariantGroup;
			children = (
				293CBCC222346A4900FDB81D /* Base */,
			);
			name = Main.storyboard;
			sourceTree = "<group>";
		};
		293CBCC622346A4A00FDB81D /* LaunchScreen.storyboard */ = {
			isa = PBXVariantGroup;
			children = (
				293CBCC722346A4A00FDB81D /* Base */,
			);
			name = LaunchScreen.storyboard;
			sourceTree = "<group>";
		};
/* End PBXVariantGroup section */

/* Begin XCBuildConfiguration section */
		293CBCD522346A4A00FDB81D /* Debug */ = {
			isa = XCBuildConfiguration;
			buildSettings = {
				ALWAYS_SEARCH_USER_PATHS = NO;
				CLANG_ANALYZER_NONNULL = YES;
				CLANG_ANALYZER_NUMBER_OBJECT_CONVERSION = YES_AGGRESSIVE;
				CLANG_CXX_LANGUAGE_STANDARD = "gnu++14";
				CLANG_CXX_LIBRARY = "libc++";
				CLANG_ENABLE_MODULES = YES;
				CLANG_ENABLE_OBJC_ARC = YES;
				CLANG_ENABLE_OBJC_WEAK = YES;
				CLANG_WARN_BLOCK_CAPTURE_AUTORELEASING = YES;
				CLANG_WARN_BOOL_CONVERSION = YES;
				CLANG_WARN_COMMA = YES;
				CLANG_WARN_CONSTANT_CONVERSION = YES;
				CLANG_WARN_DEPRECATED_OBJC_IMPLEMENTATIONS = YES;
				CLANG_WARN_DIRECT_OBJC_ISA_USAGE = YES_ERROR;
				CLANG_WARN_DOCUMENTATION_COMMENTS = YES;
				CLANG_WARN_EMPTY_BODY = YES;
				CLANG_WARN_ENUM_CONVERSION = YES;
				CLANG_WARN_INFINITE_RECURSION = YES;
				CLANG_WARN_INT_CONVERSION = YES;
				CLANG_WARN_NON_LITERAL_NULL_CONVERSION = YES;
				CLANG_WARN_OBJC_IMPLICIT_RETAIN_SELF = YES;
				CLANG_WARN_OBJC_LITERAL_CONVERSION = YES;
				CLANG_WARN_OBJC_ROOT_CLASS = YES_ERROR;
				CLANG_WARN_RANGE_LOOP_ANALYSIS = YES;
				CLANG_WARN_STRICT_PROTOTYPES = YES;
				CLANG_WARN_SUSPICIOUS_MOVE = YES;
				CLANG_WARN_UNGUARDED_AVAILABILITY = YES_AGGRESSIVE;
				CLANG_WARN_UNREACHABLE_CODE = YES;
				CLANG_WARN__DUPLICATE_METHOD_MATCH = YES;
				CODE_SIGN_IDENTITY = "iPhone Developer";
				COPY_PHASE_STRIP = NO;
				DEBUG_INFORMATION_FORMAT = dwarf;
				ENABLE_STRICT_OBJC_MSGSEND = YES;
				ENABLE_TESTABILITY = YES;
				GCC_C_LANGUAGE_STANDARD = gnu11;
				GCC_DYNAMIC_NO_PIC = NO;
				GCC_NO_COMMON_BLOCKS = YES;
				GCC_OPTIMIZATION_LEVEL = 0;
				GCC_PREPROCESSOR_DEFINITIONS = (
					"DEBUG=1",
					"$(inherited)",
				);
				GCC_WARN_64_TO_32_BIT_CONVERSION = YES;
				GCC_WARN_ABOUT_RETURN_TYPE = YES_ERROR;
				GCC_WARN_UNDECLARED_SELECTOR = YES;
				GCC_WARN_UNINITIALIZED_AUTOS = YES_AGGRESSIVE;
				GCC_WARN_UNUSED_FUNCTION = YES;
				GCC_WARN_UNUSED_VARIABLE = YES;
				IPHONEOS_DEPLOYMENT_TARGET = 12.1;
				MTL_ENABLE_DEBUG_INFO = INCLUDE_SOURCE;
				MTL_FAST_MATH = YES;
				ONLY_ACTIVE_ARCH = YES;
				SDKROOT = iphoneos;
				SWIFT_ACTIVE_COMPILATION_CONDITIONS = DEBUG;
				SWIFT_OPTIMIZATION_LEVEL = "-Onone";
			};
			name = Debug;
		};
		293CBCD622346A4A00FDB81D /* Release */ = {
			isa = XCBuildConfiguration;
			buildSettings = {
				ALWAYS_SEARCH_USER_PATHS = NO;
				CLANG_ANALYZER_NONNULL = YES;
				CLANG_ANALYZER_NUMBER_OBJECT_CONVERSION = YES_AGGRESSIVE;
				CLANG_CXX_LANGUAGE_STANDARD = "gnu++14";
				CLANG_CXX_LIBRARY = "libc++";
				CLANG_ENABLE_MODULES = YES;
				CLANG_ENABLE_OBJC_ARC = YES;
				CLANG_ENABLE_OBJC_WEAK = YES;
				CLANG_WARN_BLOCK_CAPTURE_AUTORELEASING = YES;
				CLANG_WARN_BOOL_CONVERSION = YES;
				CLANG_WARN_COMMA = YES;
				CLANG_WARN_CONSTANT_CONVERSION = YES;
				CLANG_WARN_DEPRECATED_OBJC_IMPLEMENTATIONS = YES;
				CLANG_WARN_DIRECT_OBJC_ISA_USAGE = YES_ERROR;
				CLANG_WARN_DOCUMENTATION_COMMENTS = YES;
				CLANG_WARN_EMPTY_BODY = YES;
				CLANG_WARN_ENUM_CONVERSION = YES;
				CLANG_WARN_INFINITE_RECURSION = YES;
				CLANG_WARN_INT_CONVERSION = YES;
				CLANG_WARN_NON_LITERAL_NULL_CONVERSION = YES;
				CLANG_WARN_OBJC_IMPLICIT_RETAIN_SELF = YES;
				CLANG_WARN_OBJC_LITERAL_CONVERSION = YES;
				CLANG_WARN_OBJC_ROOT_CLASS = YES_ERROR;
				CLANG_WARN_RANGE_LOOP_ANALYSIS = YES;
				CLANG_WARN_STRICT_PROTOTYPES = YES;
				CLANG_WARN_SUSPICIOUS_MOVE = YES;
				CLANG_WARN_UNGUARDED_AVAILABILITY = YES_AGGRESSIVE;
				CLANG_WARN_UNREACHABLE_CODE = YES;
				CLANG_WARN__DUPLICATE_METHOD_MATCH = YES;
				CODE_SIGN_IDENTITY = "iPhone Developer";
				COPY_PHASE_STRIP = NO;
				DEBUG_INFORMATION_FORMAT = "dwarf-with-dsym";
				ENABLE_NS_ASSERTIONS = NO;
				ENABLE_STRICT_OBJC_MSGSEND = YES;
				GCC_C_LANGUAGE_STANDARD = gnu11;
				GCC_NO_COMMON_BLOCKS = YES;
				GCC_WARN_64_TO_32_BIT_CONVERSION = YES;
				GCC_WARN_ABOUT_RETURN_TYPE = YES_ERROR;
				GCC_WARN_UNDECLARED_SELECTOR = YES;
				GCC_WARN_UNINITIALIZED_AUTOS = YES_AGGRESSIVE;
				GCC_WARN_UNUSED_FUNCTION = YES;
				GCC_WARN_UNUSED_VARIABLE = YES;
				IPHONEOS_DEPLOYMENT_TARGET = 12.1;
				MTL_ENABLE_DEBUG_INFO = NO;
				MTL_FAST_MATH = YES;
				SDKROOT = iphoneos;
				SWIFT_COMPILATION_MODE = wholemodule;
				SWIFT_OPTIMIZATION_LEVEL = "-O";
				VALIDATE_PRODUCT = YES;
			};
			name = Release;
		};
		293CBCD822346A4A00FDB81D /* Debug */ = {
			isa = XCBuildConfiguration;
			buildSettings = {
				ASSETCATALOG_COMPILER_APPICON_NAME = AppIcon;
				CODE_SIGN_STYLE = Automatic;
				DEVELOPMENT_TEAM = LZTF7R47SK;
				INFOPLIST_FILE = Naujienos/Info.plist;
				LD_RUNPATH_SEARCH_PATHS = (
					"$(inherited)",
					"@executable_path/Frameworks",
				);
				PRODUCT_BUNDLE_IDENTIFIER = com.MariusK.Naujienos;
				PRODUCT_NAME = "$(TARGET_NAME)";
				SWIFT_VERSION = 4.2;
				TARGETED_DEVICE_FAMILY = "1,2";
			};
			name = Debug;
		};
		293CBCD922346A4A00FDB81D /* Release */ = {
			isa = XCBuildConfiguration;
			buildSettings = {
				ASSETCATALOG_COMPILER_APPICON_NAME = AppIcon;
				CODE_SIGN_STYLE = Automatic;
				DEVELOPMENT_TEAM = LZTF7R47SK;
				INFOPLIST_FILE = Naujienos/Info.plist;
				LD_RUNPATH_SEARCH_PATHS = (
					"$(inherited)",
					"@executable_path/Frameworks",
				);
				PRODUCT_BUNDLE_IDENTIFIER = com.MariusK.Naujienos;
				PRODUCT_NAME = "$(TARGET_NAME)";
				SWIFT_VERSION = 4.2;
				TARGETED_DEVICE_FAMILY = "1,2";
			};
			name = Release;
		};
		293CBCDB22346A4A00FDB81D /* Debug */ = {
			isa = XCBuildConfiguration;
			buildSettings = {
				ALWAYS_EMBED_SWIFT_STANDARD_LIBRARIES = YES;
				BUNDLE_LOADER = "$(TEST_HOST)";
				CODE_SIGN_STYLE = Automatic;
				DEVELOPMENT_TEAM = LZTF7R47SK;
				INFOPLIST_FILE = NaujienosTests/Info.plist;
				LD_RUNPATH_SEARCH_PATHS = (
					"$(inherited)",
					"@executable_path/Frameworks",
					"@loader_path/Frameworks",
				);
				PRODUCT_BUNDLE_IDENTIFIER = com.MariusK.NaujienosTests;
				PRODUCT_NAME = "$(TARGET_NAME)";
				SWIFT_VERSION = 4.2;
				TARGETED_DEVICE_FAMILY = "1,2";
				TEST_HOST = "$(BUILT_PRODUCTS_DIR)/Naujienos.app/Naujienos";
			};
			name = Debug;
		};
		293CBCDC22346A4A00FDB81D /* Release */ = {
			isa = XCBuildConfiguration;
			buildSettings = {
				ALWAYS_EMBED_SWIFT_STANDARD_LIBRARIES = YES;
				BUNDLE_LOADER = "$(TEST_HOST)";
				CODE_SIGN_STYLE = Automatic;
				DEVELOPMENT_TEAM = LZTF7R47SK;
				INFOPLIST_FILE = NaujienosTests/Info.plist;
				LD_RUNPATH_SEARCH_PATHS = (
					"$(inherited)",
					"@executable_path/Frameworks",
					"@loader_path/Frameworks",
				);
				PRODUCT_BUNDLE_IDENTIFIER = com.MariusK.NaujienosTests;
				PRODUCT_NAME = "$(TARGET_NAME)";
				SWIFT_VERSION = 4.2;
				TARGETED_DEVICE_FAMILY = "1,2";
				TEST_HOST = "$(BUILT_PRODUCTS_DIR)/Naujienos.app/Naujienos";
			};
			name = Release;
		};
/* End XCBuildConfiguration section */

/* Begin XCConfigurationList section */
		293CBCB522346A4900FDB81D /* Build configuration list for PBXProject "Naujienos" */ = {
			isa = XCConfigurationList;
			buildConfigurations = (
				293CBCD522346A4A00FDB81D /* Debug */,
				293CBCD622346A4A00FDB81D /* Release */,
			);
			defaultConfigurationIsVisible = 0;
			defaultConfigurationName = Release;
		};
		293CBCD722346A4A00FDB81D /* Build configuration list for PBXNativeTarget "Naujienos" */ = {
			isa = XCConfigurationList;
			buildConfigurations = (
				293CBCD822346A4A00FDB81D /* Debug */,
				293CBCD922346A4A00FDB81D /* Release */,
			);
			defaultConfigurationIsVisible = 0;
			defaultConfigurationName = Release;
		};
		293CBCDA22346A4A00FDB81D /* Build configuration list for PBXNativeTarget "NaujienosTests" */ = {
			isa = XCConfigurationList;
			buildConfigurations = (
				293CBCDB22346A4A00FDB81D /* Debug */,
				293CBCDC22346A4A00FDB81D /* Release */,
			);
			defaultConfigurationIsVisible = 0;
			defaultConfigurationName = Release;
		};
/* End XCConfigurationList section */
	};
	rootObject = 293CBCB222346A4900FDB81D /* Project object */;
}
